# This file is automatically @generated by Cargo.
# It is not intended for manual editing.
[[package]]
name = "map_in_place"
version = "0.1.0"
source = "registry+https://github.com/rust-lang/crates.io-index"
dependencies = [
 "scopeguard 0.2.0 (registry+https://github.com/rust-lang/crates.io-index)",
]

[[package]]
name = "posh"
version = "0.1.0"
dependencies = [
 "map_in_place 0.1.0 (registry+https://github.com/rust-lang/crates.io-index)",
]

[[package]]
name = "scopeguard"
version = "0.2.0"
source = "registry+https://github.com/rust-lang/crates.io-index"

[metadata]
"checksum map_in_place 0.1.0 (registry+https://github.com/rust-lang/crates.io-index)" = "c59b419989c3a157f724d5bf720468729f1345d4d704cab69b5d7ba58c62c125"
"checksum scopeguard 0.2.0 (registry+https://github.com/rust-lang/crates.io-index)" = "551cc7e5812ffa253138ea53b3de48306005422a66a5f0cc9a5704b3d92b298a"
